<?xml version="1.0" encoding="utf-8"?>
<Project ToolsVersion="4.0" xmlns="http://schemas.microsoft.com/developer/msbuild/2003">
  <ItemGroup>
    <Filter Include="Source Files">
      <UniqueIdentifier>{4FC737F1-C7A5-4376-A066-2A32D752A2FF}</UniqueIdentifier>
      <Extensions>cpp;c;cc;cxx;def;odl;idl;hpj;bat;asm;asmx</Extensions>
    </Filter>
    <Filter Include="Header Files">
      <UniqueIdentifier>{93995380-89BD-4b04-88EB-625FBE52EBFB}</UniqueIdentifier>
      <Extensions>h;hpp;hxx;hm;inl;inc;xsd</Extensions>
    </Filter>
    <Filter Include="Resource Files">
      <UniqueIdentifier>{67DA6AB6-F800-4c08-8B7A-83BB121AAD01}</UniqueIdentifier>
      <Extensions>rc;ico;cur;bmp;dlg;rc2;rct;bin;rgs;gif;jpg;jpeg;jpe;resx;tiff;tif;png;wav</Extensions>
    </Filter>
  </ItemGroup>
  <ItemGroup>
    <ClCompile Include="AuxWnd.cpp">
      <Filter>Source Files</Filter>
    </ClCompile>
    <ClCompile Include="capture.cpp">
      <Filter>Source Files</Filter>
    </ClCompile>
    <ClCompile Include="..\cmp3\Cmp3.cpp">
      <Filter>Source Files</Filter>
    </ClCompile>
    <ClCompile Include="control.cpp">
      <Filter>Source Files</Filter>
    </ClCompile>
    <ClCompile Include="decode.cpp">
      <Filter>Source Files</Filter>
    </ClCompile>
    <ClCompile Include="encode.cpp">
      <Filter>Source Files</Filter>
    </ClCompile>
    <ClCompile Include="ini.cpp">
      <Filter>Source Files</Filter>
    </ClCompile>
    <ClCompile Include="Init.cpp">
      <Filter>Source Files</Filter>
    </ClCompile>
    <ClCompile Include="LogMsg.cpp">
      <Filter>Source Files</Filter>
    </ClCompile>
    <ClCompile Include="play.cpp">
      <Filter>Source Files</Filter>
    </ClCompile>
    <ClCompile Include="profile.cpp">
      <Filter>Source Files</Filter>
    </ClCompile>
    <ClCompile Include="regy.cpp">
      <Filter>Source Files</Filter>
    </ClCompile>
    <ClCompile Include="service.cpp">
      <Filter>Source Files</Filter>
    </ClCompile>
    <ClCompile Include="ECP.cpp">
      <Filter>Source Files</Filter>
    </ClCompile>
    <ClCompile Include="nitaxml.cpp">
      <Filter>Source Files</Filter>
    </ClCompile>
    <ClCompile Include="tinyxml2.cpp">
      <Filter>Source Files</Filter>
    </ClCompile>
    <ClCompile Include="NitaTimer.cpp">
      <Filter>Source Files</Filter>
    </ClCompile>
    <ClCompile Include="MediaSrv.cpp">
      <Filter>Source Files</Filter>
    </ClCompile>
    <ClCompile Include="Proc.cpp">
      <Filter>Source Files</Filter>
    </ClCompile>
    <ClCompile Include="cpau.cpp">
      <Filter>Source Files</Filter>
    </ClCompile>
    <ClCompile Include="funcs.cpp">
      <Filter>Source Files</Filter>
    </ClCompile>
  </ItemGroup>
  <ItemGroup>
    <ClInclude Include="..\include\AuxWnd.h">
      <Filter>Header Files</Filter>
    </ClInclude>
    <ClInclude Include="..\include\capture.h">
      <Filter>Header Files</Filter>
    </ClInclude>
    <ClInclude Include="..\include\control.h">
      <Filter>Header Files</Filter>
    </ClInclude>
    <ClInclude Include="..\include\decode.h">
      <Filter>Header Files</Filter>
    </ClInclude>
    <ClInclude Include="..\include\encode.h">
      <Filter>Header Files</Filter>
    </ClInclude>
    <ClInclude Include="..\include\ini.h">
      <Filter>Header Files</Filter>
    </ClInclude>
    <ClInclude Include="..\include\LogMsg.h">
      <Filter>Header Files</Filter>
    </ClInclude>
    <ClInclude Include="..\include\play.h">
      <Filter>Header Files</Filter>
    </ClInclude>
    <ClInclude Include="..\include\profile.h">
      <Filter>Header Files</Filter>
    </ClInclude>
    <ClInclude Include="..\include\regy.h">
      <Filter>Header Files</Filter>
    </ClInclude>
    <ClInclude Include="..\include\resource.h">
      <Filter>Header Files</Filter>
    </ClInclude>
    <ClInclude Include="..\include\service.h">
      <Filter>Header Files</Filter>
    </ClInclude>
    <ClInclude Include="..\include\Structs.h">
      <Filter>Header Files</Filter>
    </ClInclude>
    <ClInclude Include="..\cmp3\cmp3.h">
      <Filter>Header Files</Filter>
    </ClInclude>
    <ClInclude Include="..\include\ECP.h">
      <Filter>Header Files</Filter>
    </ClInclude>
    <ClInclude Include="nitaxml.h">
      <Filter>Header Files</Filter>
    </ClInclude>
    <ClInclude Include="nowarnings.h">
      <Filter>Header Files</Filter>
    </ClInclude>
    <ClInclude Include="tinyxml2.h">
      <Filter>Header Files</Filter>
    </ClInclude>
    <ClInclude Include="NitaTimer.h">
      <Filter>Header Files</Filter>
    </ClInclude>
    <ClInclude Include="LenTimer.hpp">
      <Filter>Header Files</Filter>
    </ClInclude>
    <ClInclude Include="MediaSrv.h">
      <Filter>Header Files</Filter>
    </ClInclude>
    <ClInclude Include="Proc.h">
      <Filter>Header Files</Filter>
    </ClInclude>
    <ClInclude Include="cpau.h">
      <Filter>Header Files</Filter>
    </ClInclude>
    <ClInclude Include="funcs.h">
      <Filter>Header Files</Filter>
    </ClInclude>
  </ItemGroup>
</Project>